
Microsoft Visual Studio Solution File, Format Version 12.00
# Visual Studio Version 17
VisualStudioVersion = 17.6.33815.320
MinimumVisualStudioVersion = 10.0.40219.1
Project("{FAE04EC0-301F-11D3-BF4B-00C04F79EFBC}") = "DomesticStore", "DomesticStore\DomesticStore.csproj", "{348DB472-A1D7-43D5-80A3-66B374D8A3F9}"
EndProject
Global
	GlobalSection(SolutionConfigurationPlatforms) = preSolution
		Debug|Any CPU = Debug|Any CPU
		Release|Any CPU = Release|Any CPU
	EndGlobalSection
	GlobalSection(ProjectConfigurationPlatforms) = postSolution
		{348DB472-A1D7-43D5-80A3-66B374D8A3F9}.Debug|Any CPU.ActiveCfg = Debug|Any CPU
		{348DB472-A1D7-43D5-80A3-66B374D8A3F9}.Debug|Any CPU.Build.0 = Debug|Any CPU
		{348DB472-A1D7-43D5-80A3-66B374D8A3F9}.Release|Any CPU.ActiveCfg = Release|Any CPU
		{348DB472-A1D7-43D5-80A3-66B374D8A3F9}.Release|Any CPU.Build.0 = Release|Any CPU
	EndGlobalSection
	GlobalSection(SolutionProperties) = preSolution
		HideSolutionNode = FALSE
	EndGlobalSection
	GlobalSection(ExtensibilityGlobals) = postSolution
		SolutionGuid = {50F31A00-9C89-4D4A-91E3-5529904FD11B}
	EndGlobalSection
EndGlobal
